
Microsoft Visual Studio Solution File, Format Version 12.00
# Visual Studio Version 17
VisualStudioVersion = 17.8.34525.116
MinimumVisualStudioVersion = 10.0.40219.1
Project("{FAE04EC0-301F-11D3-BF4B-00C04F79EFBC}") = "online bankimg services", "online bankimg services\online bankimg services.csproj", "{9FCDD932-F494-4BEF-8FBF-046CD3AD470B}"
EndProject
Global
	GlobalSection(SolutionConfigurationPlatforms) = preSolution
		Debug|Any CPU = Debug|Any CPU
		Release|Any CPU = Release|Any CPU
	EndGlobalSection
	GlobalSection(ProjectConfigurationPlatforms) = postSolution
		{9FCDD932-F494-4BEF-8FBF-046CD3AD470B}.Debug|Any CPU.ActiveCfg = Debug|Any CPU
		{9FCDD932-F494-4BEF-8FBF-046CD3AD470B}.Debug|Any CPU.Build.0 = Debug|Any CPU
		{9FCDD932-F494-4BEF-8FBF-046CD3AD470B}.Release|Any CPU.ActiveCfg = Release|Any CPU
		{9FCDD932-F494-4BEF-8FBF-046CD3AD470B}.Release|Any CPU.Build.0 = Release|Any CPU
	EndGlobalSection
	GlobalSection(SolutionProperties) = preSolution
		HideSolutionNode = FALSE
	EndGlobalSection
	GlobalSection(ExtensibilityGlobals) = postSolution
		SolutionGuid = {7B2F4F42-9611-4C48-A0BC-E24D75AEA88B}
	EndGlobalSection
EndGlobal
